
Microsoft Visual Studio Solution File, Format Version 11.00
# Visual Studio 2010
Project("{FAE04EC0-301F-11D3-BF4B-00C04F79EFBC}") = "NewAssembly", "NewAssembly.csproj", "{7364dac2-2777-1f30-07d7-f3dd75dd99d5}"
EndProject
Project("{FAE04EC0-301F-11D3-BF4B-00C04F79EFBC}") = "Tests", "Tests.csproj", "{2e30b7cd-a52a-4894-7e5e-17b0353dd6dd}"
EndProject
Global
	GlobalSection(SolutionConfigurationPlatforms) = preSolution
		Debug|Any CPU = Debug|Any CPU
	EndGlobalSection
	GlobalSection(ProjectConfigurationPlatforms) = postSolution
		{7364dac2-2777-1f30-07d7-f3dd75dd99d5}.Debug|Any CPU.ActiveCfg = Debug|Any CPU
		{7364dac2-2777-1f30-07d7-f3dd75dd99d5}.Debug|Any CPU.Build.0 = Debug|Any CPU
		{2e30b7cd-a52a-4894-7e5e-17b0353dd6dd}.Debug|Any CPU.ActiveCfg = Debug|Any CPU
		{2e30b7cd-a52a-4894-7e5e-17b0353dd6dd}.Debug|Any CPU.Build.0 = Debug|Any CPU
	EndGlobalSection
	GlobalSection(SolutionProperties) = preSolution
		HideSolutionNode = FALSE
	EndGlobalSection
EndGlobal
